
Microsoft Visual Studio Solution File, Format Version 12.00
# Visual Studio Version 17
VisualStudioVersion = 17.4.33122.133
MinimumVisualStudioVersion = 10.0.40219.1
Project("{FAE04EC0-301F-11D3-BF4B-00C04F79EFBC}") = "BotikTELEGA", "BotikTELEGA\BotikTELEGA.csproj", "{7C8E2E9C-70B9-4032-BA43-C7F3D4330D54}"
EndProject
Global
	GlobalSection(SolutionConfigurationPlatforms) = preSolution
		Debug|Any CPU = Debug|Any CPU
		Release|Any CPU = Release|Any CPU
	EndGlobalSection
	GlobalSection(ProjectConfigurationPlatforms) = postSolution
		{7C8E2E9C-70B9-4032-BA43-C7F3D4330D54}.Debug|Any CPU.ActiveCfg = Debug|Any CPU
		{7C8E2E9C-70B9-4032-BA43-C7F3D4330D54}.Debug|Any CPU.Build.0 = Debug|Any CPU
		{7C8E2E9C-70B9-4032-BA43-C7F3D4330D54}.Release|Any CPU.ActiveCfg = Release|Any CPU
		{7C8E2E9C-70B9-4032-BA43-C7F3D4330D54}.Release|Any CPU.Build.0 = Release|Any CPU
	EndGlobalSection
	GlobalSection(SolutionProperties) = preSolution
		HideSolutionNode = FALSE
	EndGlobalSection
	GlobalSection(ExtensibilityGlobals) = postSolution
		SolutionGuid = {993469D6-B32E-450A-9379-EA6CF5D0C454}
	EndGlobalSection
EndGlobal
